// !$*UTF8*$!
{
	archiveVersion = 1;
	classes = {
	};
	objectVersion = 46;
	objects = {

/* Begin PBXBuildFile section */
		F338474619F7A59900D533DF /* Foundation.framework in Frameworks */ = {isa = PBXBuildFile; fileRef = F338474519F7A59900D533DF /* Foundation.framework */; };
		F338474819F7A59900D533DF /* CoreGraphics.framework in Frameworks */ = {isa = PBXBuildFile; fileRef = F338474719F7A59900D533DF /* CoreGraphics.framework */; };
		F338474A19F7A59900D533DF /* UIKit.framework in Frameworks */ = {isa = PBXBuildFile; fileRef = F338474919F7A59900D533DF /* UIKit.framework */; };
		F338475019F7A59900D533DF /* InfoPlist.strings in Resources */ = {isa = PBXBuildFile; fileRef = F338474E19F7A59900D533DF /* InfoPlist.strings */; };
		F338475219F7A59900D533DF /* main.m in Sources */ = {isa = PBXBuildFile; fileRef = F338475119F7A59900D533DF /* main.m */; };
		F338475619F7A59900D533DF /* AppDelegate.m in Sources */ = {isa = PBXBuildFile; fileRef = F338475519F7A59900D533DF /* AppDelegate.m */; };
		F338475919F7A59900D533DF /* Main.storyboard in Resources */ = {isa = PBXBuildFile; fileRef = F338475719F7A59900D533DF /* Main.storyboard */; };
		F338475C19F7A59A00D533DF /* ViewController.m in Sources */ = {isa = PBXBuildFile; fileRef = F338475B19F7A59A00D533DF /* ViewController.m */; };
		F338475E19F7A59A00D533DF /* Images.xcassets in Resources */ = {isa = PBXBuildFile; fileRef = F338475D19F7A59A00D533DF /* Images.xcassets */; };
		F338476519F7A59A00D533DF /* XCTest.framework in Frameworks */ = {isa = PBXBuildFile; fileRef = F338476419F7A59A00D533DF /* XCTest.framework */; };
		F338476619F7A59A00D533DF /* Foundation.framework in Frameworks */ = {isa = PBXBuildFile; fileRef = F338474519F7A59900D533DF /* Foundation.framework */; };
		F338476719F7A59A00D533DF /* UIKit.framework in Frameworks */ = {isa = PBXBuildFile; fileRef = F338474919F7A59900D533DF /* UIKit.framework */; };
		F338476F19F7A59A00D533DF /* InfoPlist.strings in Resources */ = {isa = PBXBuildFile; fileRef = F338476D19F7A59A00D533DF /* InfoPlist.strings */; };
		F338477119F7A59A00D533DF /* xmppDemoTests.m in Sources */ = {isa = PBXBuildFile; fileRef = F338477019F7A59A00D533DF /* xmppDemoTests.m */; };
/* End PBXBuildFile section */

/* Begin PBXContainerItemProxy section */
		F338476819F7A59A00D533DF /* PBXContainerItemProxy */ = {
			isa = PBXContainerItemProxy;
			containerPortal = F338473A19F7A59800D533DF /* Project object */;
			proxyType = 1;
			remoteGlobalIDString = F338474119F7A59900D533DF;
			remoteInfo = xmppDemo;
		};
/* End PBXContainerItemProxy section */

/* Begin PBXFileReference section */
		F338474219F7A59900D533DF /* xmppDemo.app */ = {isa = PBXFileReference; explicitFileType = wrapper.application; includeInIndex = 0; path = xmppDemo.app; sourceTree = BUILT_PRODUCTS_DIR; };
		F338474519F7A59900D533DF /* Foundation.framework */ = {isa = PBXFileReference; lastKnownFileType = wrapper.framework; name = Foundation.framework; path = System/Library/Frameworks/Foundation.framework; sourceTree = SDKROOT; };
		F338474719F7A59900D533DF /* CoreGraphics.framework */ = {isa = PBXFileReference; lastKnownFileType = wrapper.framework; name = CoreGraphics.framework; path = System/Library/Frameworks/CoreGraphics.framework; sourceTree = SDKROOT; };
		F338474919F7A59900D533DF /* UIKit.framework */ = {isa = PBXFileReference; lastKnownFileType = wrapper.framework; name = UIKit.framework; path = System/Library/Frameworks/UIKit.framework; sourceTree = SDKROOT; };
		F338474D19F7A59900D533DF /* xmppDemo-Info.plist */ = {isa = PBXFileReference; lastKnownFileType = text.plist.xml; path = "xmppDemo-Info.plist"; sourceTree = "<group>"; };
		F338474F19F7A59900D533DF /* en */ = {isa = PBXFileReference; lastKnownFileType = text.plist.strings; name = en; path = en.lproj/InfoPlist.strings; sourceTree = "<group>"; };
		F338475119F7A59900D533DF /* main.m */ = {isa = PBXFileReference; lastKnownFileType = sourcecode.c.objc; path = main.m; sourceTree = "<group>"; };
		F338475319F7A59900D533DF /* xmppDemo-Prefix.pch */ = {isa = PBXFileReference; lastKnownFileType = sourcecode.c.h; path = "xmppDemo-Prefix.pch"; sourceTree = "<group>"; };
		F338475419F7A59900D533DF /* AppDelegate.h */ = {isa = PBXFileReference; lastKnownFileType = sourcecode.c.h; path = AppDelegate.h; sourceTree = "<group>"; };
		F338475519F7A59900D533DF /* AppDelegate.m */ = {isa = PBXFileReference; lastKnownFileType = sourcecode.c.objc; path = AppDelegate.m; sourceTree = "<group>"; };
		F338475819F7A59900D533DF /* Base */ = {isa = PBXFileReference; lastKnownFileType = file.storyboard; name = Base; path = Base.lproj/Main.storyboard; sourceTree = "<group>"; };
		F338475A19F7A59900D533DF /* ViewController.h */ = {isa = PBXFileReference; lastKnownFileType = sourcecode.c.h; path = ViewController.h; sourceTree = "<group>"; };
		F338475B19F7A59A00D533DF /* ViewController.m */ = {isa = PBXFileReference; lastKnownFileType = sourcecode.c.objc; path = ViewController.m; sourceTree = "<group>"; };
		F338475D19F7A59A00D533DF /* Images.xcassets */ = {isa = PBXFileReference; lastKnownFileType = folder.assetcatalog; path = Images.xcassets; sourceTree = "<group>"; };
		F338476319F7A59A00D533DF /* xmppDemoTests.xctest */ = {isa = PBXFileReference; explicitFileType = wrapper.cfbundle; includeInIndex = 0; path = xmppDemoTests.xctest; sourceTree = BUILT_PRODUCTS_DIR; };
		F338476419F7A59A00D533DF /* XCTest.framework */ = {isa = PBXFileReference; lastKnownFileType = wrapper.framework; name = XCTest.framework; path = Library/Frameworks/XCTest.framework; sourceTree = DEVELOPER_DIR; };
		F338476C19F7A59A00D533DF /* xmppDemoTests-Info.plist */ = {isa = PBXFileReference; lastKnownFileType = text.plist.xml; path = "xmppDemoTests-Info.plist"; sourceTree = "<group>"; };
		F338476E19F7A59A00D533DF /* en */ = {isa = PBXFileReference; lastKnownFileType = text.plist.strings; name = en; path = en.lproj/InfoPlist.strings; sourceTree = "<group>"; };
		F338477019F7A59A00D533DF /* xmppDemoTests.m */ = {isa = PBXFileReference; lastKnownFileType = sourcecode.c.objc; path = xmppDemoTests.m; sourceTree = "<group>"; };
/* End PBXFileReference section */

/* Begin PBXFrameworksBuildPhase section */
		F338473F19F7A59900D533DF /* Frameworks */ = {
			isa = PBXFrameworksBuildPhase;
			buildActionMask = 2147483647;
			files = (
				F338474819F7A59900D533DF /* CoreGraphics.framework in Frameworks */,
				F338474A19F7A59900D533DF /* UIKit.framework in Frameworks */,
				F338474619F7A59900D533DF /* Foundation.framework in Frameworks */,
			);
			runOnlyForDeploymentPostprocessing = 0;
		};
		F338476019F7A59A00D533DF /* Frameworks */ = {
			isa = PBXFrameworksBuildPhase;
			buildActionMask = 2147483647;
			files = (
				F338476519F7A59A00D533DF /* XCTest.framework in Frameworks */,
				F338476719F7A59A00D533DF /* UIKit.framework in Frameworks */,
				F338476619F7A59A00D533DF /* Foundation.framework in Frameworks */,
			);
			runOnlyForDeploymentPostprocessing = 0;
		};
/* End PBXFrameworksBuildPhase section */

/* Begin PBXGroup section */
		F338473919F7A59800D533DF = {
			isa = PBXGroup;
			children = (
				F338474B19F7A59900D533DF /* xmppDemo */,
				F338476A19F7A59A00D533DF /* xmppDemoTests */,
				F338474419F7A59900D533DF /* Frameworks */,
				F338474319F7A59900D533DF /* Products */,
			);
			sourceTree = "<group>";
		};
		F338474319F7A59900D533DF /* Products */ = {
			isa = PBXGroup;
			children = (
				F338474219F7A59900D533DF /* xmppDemo.app */,
				F338476319F7A59A00D533DF /* xmppDemoTests.xctest */,
			);
			name = Products;
			sourceTree = "<group>";
		};
		F338474419F7A59900D533DF /* Frameworks */ = {
			isa = PBXGroup;
			children = (
				F338474519F7A59900D533DF /* Foundation.framework */,
				F338474719F7A59900D533DF /* CoreGraphics.framework */,
				F338474919F7A59900D533DF /* UIKit.framework */,
				F338476419F7A59A00D533DF /* XCTest.framework */,
			);
			name = Frameworks;
			sourceTree = "<group>";
		};
		F338474B19F7A59900D533DF /* xmppDemo */ = {
			isa = PBXGroup;
			children = (
				F338475419F7A59900D533DF /* AppDelegate.h */,
				F338475519F7A59900D533DF /* AppDelegate.m */,
				F338475719F7A59900D533DF /* Main.storyboard */,
				F338475A19F7A59900D533DF /* ViewController.h */,
				F338475B19F7A59A00D533DF /* ViewController.m */,
				F338475D19F7A59A00D533DF /* Images.xcassets */,
				F338474C19F7A59900D533DF /* Supporting Files */,
			);
			path = xmppDemo;
			sourceTree = "<group>";
		};
		F338474C19F7A59900D533DF /* Supporting Files */ = {
			isa = PBXGroup;
			children = (
				F338474D19F7A59900D533DF /* xmppDemo-Info.plist */,
				F338474E19F7A59900D533DF /* InfoPlist.strings */,
				F338475119F7A59900D533DF /* main.m */,
				F338475319F7A59900D533DF /* xmppDemo-Prefix.pch */,
			);
			name = "Supporting Files";
			sourceTree = "<group>";
		};
		F338476A19F7A59A00D533DF /* xmppDemoTests */ = {
			isa = PBXGroup;
			children = (
				F338477019F7A59A00D533DF /* xmppDemoTests.m */,
				F338476B19F7A59A00D533DF /* Supporting Files */,
			);
			path = xmppDemoTests;
			sourceTree = "<group>";
		};
		F338476B19F7A59A00D533DF /* Supporting Files */ = {
			isa = PBXGroup;
			children = (
				F338476C19F7A59A00D533DF /* xmppDemoTests-Info.plist */,
				F338476D19F7A59A00D533DF /* InfoPlist.strings */,
			);
			name = "Supporting Files";
			sourceTree = "<group>";
		};
/* End PBXGroup section */

/* Begin PBXNativeTarget section */
		F338474119F7A59900D533DF /* xmppDemo */ = {
			isa = PBXNativeTarget;
			buildConfigurationList = F338477419F7A59A00D533DF /* Build configuration list for PBXNativeTarget "xmppDemo" */;
			buildPhases = (
				F338473E19F7A59900D533DF /* Sources */,
				F338473F19F7A59900D533DF /* Frameworks */,
				F338474019F7A59900D533DF /* Resources */,
			);
			buildRules = (
			);
			dependencies = (
			);
			name = xmppDemo;
			productName = xmppDemo;
			productReference = F338474219F7A59900D533DF /* xmppDemo.app */;
			productType = "com.apple.product-type.application";
		};
		F338476219F7A59A00D533DF /* xmppDemoTests */ = {
			isa = PBXNativeTarget;
			buildConfigurationList = F338477719F7A59A00D533DF /* Build configuration list for PBXNativeTarget "xmppDemoTests" */;
			buildPhases = (
				F338475F19F7A59A00D533DF /* Sources */,
				F338476019F7A59A00D533DF /* Frameworks */,
				F338476119F7A59A00D533DF /* Resources */,
			);
			buildRules = (
			);
			dependencies = (
				F338476919F7A59A00D533DF /* PBXTargetDependency */,
			);
			name = xmppDemoTests;
			productName = xmppDemoTests;
			productReference = F338476319F7A59A00D533DF /* xmppDemoTests.xctest */;
			productType = "com.apple.product-type.bundle.unit-test";
		};
/* End PBXNativeTarget section */

/* Begin PBXProject section */
		F338473A19F7A59800D533DF /* Project object */ = {
			isa = PBXProject;
			attributes = {
				LastUpgradeCheck = 0510;
				ORGANIZATIONNAME = "Crystal Xu";
				TargetAttributes = {
					F338476219F7A59A00D533DF = {
						TestTargetID = F338474119F7A59900D533DF;
					};
				};
			};
			buildConfigurationList = F338473D19F7A59800D533DF /* Build configuration list for PBXProject "xmppDemo" */;
			compatibilityVersion = "Xcode 3.2";
			developmentRegion = English;
			hasScannedForEncodings = 0;
			knownRegions = (
				en,
				Base,
			);
			mainGroup = F338473919F7A59800D533DF;
			productRefGroup = F338474319F7A59900D533DF /* Products */;
			projectDirPath = "";
			projectRoot = "";
			targets = (
				F338474119F7A59900D533DF /* xmppDemo */,
				F338476219F7A59A00D533DF /* xmppDemoTests */,
			);
		};
/* End PBXProject section */

/* Begin PBXResourcesBuildPhase section */
		F338474019F7A59900D533DF /* Resources */ = {
			isa = PBXResourcesBuildPhase;
			buildActionMask = 2147483647;
			files = (
				F338475E19F7A59A00D533DF /* Images.xcassets in Resources */,
				F338475019F7A59900D533DF /* InfoPlist.strings in Resources */,
				F338475919F7A59900D533DF /* Main.storyboard in Resources */,
			);
			runOnlyForDeploymentPostprocessing = 0;
		};
		F338476119F7A59A00D533DF /* Resources */ = {
			isa = PBXResourcesBuildPhase;
			buildActionMask = 2147483647;
			files = (
				F338476F19F7A59A00D533DF /* InfoPlist.strings in Resources */,
			);
			runOnlyForDeploymentPostprocessing = 0;
		};
/* End PBXResourcesBuildPhase section */

/* Begin PBXSourcesBuildPhase section */
		F338473E19F7A59900D533DF /* Sources */ = {
			isa = PBXSourcesBuildPhase;
			buildActionMask = 2147483647;
			files = (
				F338475C19F7A59A00D533DF /* ViewController.m in Sources */,
				F338475619F7A59900D533DF /* AppDelegate.m in Sources */,
				F338475219F7A59900D533DF /* main.m in Sources */,
			);
			runOnlyForDeploymentPostprocessing = 0;
		};
		F338475F19F7A59A00D533DF /* Sources */ = {
			isa = PBXSourcesBuildPhase;
			buildActionMask = 2147483647;
			files = (
				F338477119F7A59A00D533DF /* xmppDemoTests.m in Sources */,
			);
			runOnlyForDeploymentPostprocessing = 0;
		};
/* End PBXSourcesBuildPhase section */

/* Begin PBXTargetDependency section */
		F338476919F7A59A00D533DF /* PBXTargetDependency */ = {
			isa = PBXTargetDependency;
			target = F338474119F7A59900D533DF /* xmppDemo */;
			targetProxy = F338476819F7A59A00D533DF /* PBXContainerItemProxy */;
		};
/* End PBXTargetDependency section */

/* Begin PBXVariantGroup section */
		F338474E19F7A59900D533DF /* InfoPlist.strings */ = {
			isa = PBXVariantGroup;
			children = (
				F338474F19F7A59900D533DF /* en */,
			);
			name = InfoPlist.strings;
			sourceTree = "<group>";
		};
		F338475719F7A59900D533DF /* Main.storyboard */ = {
			isa = PBXVariantGroup;
			children = (
				F338475819F7A59900D533DF /* Base */,
			);
			name = Main.storyboard;
			sourceTree = "<group>";
		};
		F338476D19F7A59A00D533DF /* InfoPlist.strings */ = {
			isa = PBXVariantGroup;
			children = (
				F338476E19F7A59A00D533DF /* en */,
			);
			name = InfoPlist.strings;
			sourceTree = "<group>";
		};
/* End PBXVariantGroup section */

/* Begin XCBuildConfiguration section */
		F338477219F7A59A00D533DF /* Debug */ = {
			isa = XCBuildConfiguration;
			buildSettings = {
				ALWAYS_SEARCH_USER_PATHS = NO;
				CLANG_CXX_LANGUAGE_STANDARD = "gnu++0x";
				CLANG_CXX_LIBRARY = "libc++";
				CLANG_ENABLE_MODULES = YES;
				CLANG_ENABLE_OBJC_ARC = YES;
				CLANG_WARN_BOOL_CONVERSION = YES;
				CLANG_WARN_CONSTANT_CONVERSION = YES;
				CLANG_WARN_DIRECT_OBJC_ISA_USAGE = YES_ERROR;
				CLANG_WARN_EMPTY_BODY = YES;
				CLANG_WARN_ENUM_CONVERSION = YES;
				CLANG_WARN_INT_CONVERSION = YES;
				CLANG_WARN_OBJC_ROOT_CLASS = YES_ERROR;
				CLANG_WARN__DUPLICATE_METHOD_MATCH = YES;
				"CODE_SIGN_IDENTITY[sdk=iphoneos*]" = "iPhone Developer";
				COPY_PHASE_STRIP = NO;
				GCC_C_LANGUAGE_STANDARD = gnu99;
				GCC_DYNAMIC_NO_PIC = NO;
				GCC_OPTIMIZATION_LEVEL = 0;
				GCC_PREPROCESSOR_DEFINITIONS = (
					"DEBUG=1",
					"$(inherited)",
				);
				GCC_SYMBOLS_PRIVATE_EXTERN = NO;
				GCC_WARN_64_TO_32_BIT_CONVERSION = YES;
				GCC_WARN_ABOUT_RETURN_TYPE = YES_ERROR;
				GCC_WARN_UNDECLARED_SELECTOR = YES;
				GCC_WARN_UNINITIALIZED_AUTOS = YES_AGGRESSIVE;
				GCC_WARN_UNUSED_FUNCTION = YES;
				GCC_WARN_UNUSED_VARIABLE = YES;
				IPHONEOS_DEPLOYMENT_TARGET = 7.1;
				ONLY_ACTIVE_ARCH = YES;
				SDKROOT = iphoneos;
			};
			name = Debug;
		};
		F338477319F7A59A00D533DF /* Release */ = {
			isa = XCBuildConfiguration;
			buildSettings = {
				ALWAYS_SEARCH_USER_PATHS = NO;
				CLANG_CXX_LANGUAGE_STANDARD = "gnu++0x";
				CLANG_CXX_LIBRARY = "libc++";
				CLANG_ENABLE_MODULES = YES;
				CLANG_ENABLE_OBJC_ARC = YES;
				CLANG_WARN_BOOL_CONVERSION = YES;
				CLANG_WARN_CONSTANT_CONVERSION = YES;
				CLANG_WARN_DIRECT_OBJC_ISA_USAGE = YES_ERROR;
				CLANG_WARN_EMPTY_BODY = YES;
				CLANG_WARN_ENUM_CONVERSION = YES;
				CLANG_WARN_INT_CONVERSION = YES;
				CLANG_WARN_OBJC_ROOT_CLASS = YES_ERROR;
				CLANG_WARN__DUPLICATE_METHOD_MATCH = YES;
				"CODE_SIGN_IDENTITY[sdk=iphoneos*]" = "iPhone Developer";
				COPY_PHASE_STRIP = YES;
				ENABLE_NS_ASSERTIONS = NO;
				GCC_C_LANGUAGE_STANDARD = gnu99;
				GCC_WARN_64_TO_32_BIT_CONVERSION = YES;
				GCC_WARN_ABOUT_RETURN_TYPE = YES_ERROR;
				GCC_WARN_UNDECLARED_SELECTOR = YES;
				GCC_WARN_UNINITIALIZED_AUTOS = YES_AGGRESSIVE;
				GCC_WARN_UNUSED_FUNCTION = YES;
				GCC_WARN_UNUSED_VARIABLE = YES;
				IPHONEOS_DEPLOYMENT_TARGET = 7.1;
				SDKROOT = iphoneos;
				VALIDATE_PRODUCT = YES;
			};
			name = Release;
		};
		F338477519F7A59A00D533DF /* Debug */ = {
			isa = XCBuildConfiguration;
			buildSettings = {
				ASSETCATALOG_COMPILER_APPICON_NAME = AppIcon;
				ASSETCATALOG_COMPILER_LAUNCHIMAGE_NAME = LaunchImage;
				GCC_PRECOMPILE_PREFIX_HEADER = YES;
				GCC_PREFIX_HEADER = "xmppDemo/xmppDemo-Prefix.pch";
				INFOPLIST_FILE = "xmppDemo/xmppDemo-Info.plist";
				PRODUCT_NAME = "$(TARGET_NAME)";
				WRAPPER_EXTENSION = app;
			};
			name = Debug;
		};
		F338477619F7A59A00D533DF /* Release */ = {
			isa = XCBuildConfiguration;
			buildSettings = {
				ASSETCATALOG_COMPILER_APPICON_NAME = AppIcon;
				ASSETCATALOG_COMPILER_LAUNCHIMAGE_NAME = LaunchImage;
				GCC_PRECOMPILE_PREFIX_HEADER = YES;
				GCC_PREFIX_HEADER = "xmppDemo/xmppDemo-Prefix.pch";
				INFOPLIST_FILE = "xmppDemo/xmppDemo-Info.plist";
				PRODUCT_NAME = "$(TARGET_NAME)";
				WRAPPER_EXTENSION = app;
			};
			name = Release;
		};
		F338477819F7A59A00D533DF /* Debug */ = {
			isa = XCBuildConfiguration;
			buildSettings = {
				BUNDLE_LOADER = "$(BUILT_PRODUCTS_DIR)/xmppDemo.app/xmppDemo";
				FRAMEWORK_SEARCH_PATHS = (
					"$(SDKROOT)/Developer/Library/Frameworks",
					"$(inherited)",
					"$(DEVELOPER_FRAMEWORKS_DIR)",
				);
				GCC_PRECOMPILE_PREFIX_HEADER = YES;
				GCC_PREFIX_HEADER = "xmppDemo/xmppDemo-Prefix.pch";
				GCC_PREPROCESSOR_DEFINITIONS = (
					"DEBUG=1",
					"$(inherited)",
				);
				INFOPLIST_FILE = "xmppDemoTests/xmppDemoTests-Info.plist";
				PRODUCT_NAME = "$(TARGET_NAME)";
				TEST_HOST = "$(BUNDLE_LOADER)";
				WRAPPER_EXTENSION = xctest;
			};
			name = Debug;
		};
		F338477919F7A59A00D533DF /* Release */ = {
			isa = XCBuildConfiguration;
			buildSettings = {
				BUNDLE_LOADER = "$(BUILT_PRODUCTS_DIR)/xmppDemo.app/xmppDemo";
				FRAMEWORK_SEARCH_PATHS = (
					"$(SDKROOT)/Developer/Library/Frameworks",
					"$(inherited)",
					"$(DEVELOPER_FRAMEWORKS_DIR)",
				);
				GCC_PRECOMPILE_PREFIX_HEADER = YES;
				GCC_PREFIX_HEADER = "xmppDemo/xmppDemo-Prefix.pch";
				INFOPLIST_FILE = "xmppDemoTests/xmppDemoTests-Info.plist";
				PRODUCT_NAME = "$(TARGET_NAME)";
				TEST_HOST = "$(BUNDLE_LOADER)";
				WRAPPER_EXTENSION = xctest;
			};
			name = Release;
		};
/* End XCBuildConfiguration section */

/* Begin XCConfigurationList section */
		F338473D19F7A59800D533DF /* Build configuration list for PBXProject "xmppDemo" */ = {
			isa = XCConfigurationList;
			buildConfigurations = (
				F338477219F7A59A00D533DF /* Debug */,
				F338477319F7A59A00D533DF /* Release */,
			);
			defaultConfigurationIsVisible = 0;
			defaultConfigurationName = Release;
		};
		F338477419F7A59A00D533DF /* Build configuration list for PBXNativeTarget "xmppDemo" */ = {
			isa = XCConfigurationList;
			buildConfigurations = (
				F338477519F7A59A00D533DF /* Debug */,
				F338477619F7A59A00D533DF /* Release */,
			);
			defaultConfigurationIsVisible = 0;
		};
		F338477719F7A59A00D533DF /* Build configuration list for PBXNativeTarget "xmppDemoTests" */ = {
			isa = XCConfigurationList;
			buildConfigurations = (
				F338477819F7A59A00D533DF /* Debug */,
				F338477919F7A59A00D533DF /* Release */,
			);
			defaultConfigurationIsVisible = 0;
		};
/* End XCConfigurationList section */
	};
	rootObject = F338473A19F7A59800D533DF /* Project object */;
}
